
Microsoft Visual Studio Solution File, Format Version 12.00
# Visual Studio Version 17
VisualStudioVersion = 17.0.32126.317
MinimumVisualStudioVersion = 10.0.40219.1
Project("{FAE04EC0-301F-11D3-BF4B-00C04F79EFBC}") = "ChatApp", "ChatApp\ChatApp.csproj", "{4D8DDE06-ED15-4468-B929-EB66A2A34F6D}"
EndProject
Global
	GlobalSection(SolutionConfigurationPlatforms) = preSolution
		Debug|Any CPU = Debug|Any CPU
		Release|Any CPU = Release|Any CPU
	EndGlobalSection
	GlobalSection(ProjectConfigurationPlatforms) = postSolution
		{4D8DDE06-ED15-4468-B929-EB66A2A34F6D}.Debug|Any CPU.ActiveCfg = Debug|Any CPU
		{4D8DDE06-ED15-4468-B929-EB66A2A34F6D}.Debug|Any CPU.Build.0 = Debug|Any CPU
		{4D8DDE06-ED15-4468-B929-EB66A2A34F6D}.Release|Any CPU.ActiveCfg = Release|Any CPU
		{4D8DDE06-ED15-4468-B929-EB66A2A34F6D}.Release|Any CPU.Build.0 = Release|Any CPU
	EndGlobalSection
	GlobalSection(SolutionProperties) = preSolution
		HideSolutionNode = FALSE
	EndGlobalSection
	GlobalSection(ExtensibilityGlobals) = postSolution
		SolutionGuid = {4107999A-E6FD-439F-92DC-6C265BBEFB40}
	EndGlobalSection
EndGlobal
